// !$*UTF8*$!
{
	archiveVersion = 1;
	classes = {
	};
	objectVersion = 55;
	objects = {

/* Begin PBXBuildFile section */
		0E2314D028A68E75001CD97F /* HTTPClient.swift in Sources */ = {isa = PBXBuildFile; fileRef = 0E2314CF28A68E75001CD97F /* HTTPClient.swift */; };
		0E2314D228A68E92001CD97F /* FeedItemsMapper.swift in Sources */ = {isa = PBXBuildFile; fileRef = 0E2314D128A68E92001CD97F /* FeedItemsMapper.swift */; };
		0E29EC9E29003F1D00DF164A /* FeedCacheTestHelpers.swift in Sources */ = {isa = PBXBuildFile; fileRef = 0E29EC9D29003F1D00DF164A /* FeedCacheTestHelpers.swift */; };
		0E29ECA029003F9200DF164A /* SharedTestHelpers.swift in Sources */ = {isa = PBXBuildFile; fileRef = 0E29EC9F29003F9200DF164A /* SharedTestHelpers.swift */; };
		0E29ECA22900446F00DF164A /* FeedCachePolicy.swift in Sources */ = {isa = PBXBuildFile; fileRef = 0E29ECA12900446F00DF164A /* FeedCachePolicy.swift */; };
		0E42837328A9279C00C28C94 /* URLSessionHTTPClient.swift in Sources */ = {isa = PBXBuildFile; fileRef = 0E42837228A9279C00C28C94 /* URLSessionHTTPClient.swift */; };
		0E42837528A927AA00C28C94 /* URLSessionHTTPClientTests.swift in Sources */ = {isa = PBXBuildFile; fileRef = 0E42837428A927AA00C28C94 /* URLSessionHTTPClientTests.swift */; };
		0E42837828A943F700C28C94 /* XCTestCase+MemoryLeakTracking.swift in Sources */ = {isa = PBXBuildFile; fileRef = 0E42837728A943F700C28C94 /* XCTestCase+MemoryLeakTracking.swift */; };
		0E5BA98028FDA3340002983B /* RemoteFeedItem.swift in Sources */ = {isa = PBXBuildFile; fileRef = 0E5BA97F28FDA3340002983B /* RemoteFeedItem.swift */; };
		0E5BA98228FDA3580002983B /* LocalFeedImage.swift in Sources */ = {isa = PBXBuildFile; fileRef = 0E5BA98128FDA3580002983B /* LocalFeedImage.swift */; };
		0E5BA98428FDA6720002983B /* LoadFeedFromCacheUseCaseTests.swift in Sources */ = {isa = PBXBuildFile; fileRef = 0E5BA98328FDA6720002983B /* LoadFeedFromCacheUseCaseTests.swift */; };
		0E5BA98728FDA71B0002983B /* FeedStoreSpy.swift in Sources */ = {isa = PBXBuildFile; fileRef = 0E5BA98628FDA71B0002983B /* FeedStoreSpy.swift */; };
		0E6EF50528996FFC001569BA /* EssentialFeed.framework in Frameworks */ = {isa = PBXBuildFile; fileRef = 0E6EF4FC28996FFB001569BA /* EssentialFeed.framework */; };
		0E6EF50B28996FFC001569BA /* EssentialFeed.h in Headers */ = {isa = PBXBuildFile; fileRef = 0E6EF4FF28996FFB001569BA /* EssentialFeed.h */; settings = {ATTRIBUTES = (Public, ); }; };
		0E6EF5152899700B001569BA /* FeedImage.swift in Sources */ = {isa = PBXBuildFile; fileRef = 0E6EF5142899700B001569BA /* FeedImage.swift */; };
		0E6EF517289970BB001569BA /* FeedLoader.swift in Sources */ = {isa = PBXBuildFile; fileRef = 0E6EF516289970BB001569BA /* FeedLoader.swift */; };
		0E6EF51A28997279001569BA /* LoadFeedFromRemoteUseCaseTests.swift in Sources */ = {isa = PBXBuildFile; fileRef = 0E6EF51928997279001569BA /* LoadFeedFromRemoteUseCaseTests.swift */; };
		0E6EF51D28997A8B001569BA /* RemoteFeedLoader.swift in Sources */ = {isa = PBXBuildFile; fileRef = 0E6EF51C28997A8B001569BA /* RemoteFeedLoader.swift */; };
		0E92F63D28D606870017A3D7 /* CacheFeedUseCaseTests.swift in Sources */ = {isa = PBXBuildFile; fileRef = 0E92F63C28D606870017A3D7 /* CacheFeedUseCaseTests.swift */; };
		0E92F64028D612140017A3D7 /* LocalFeedLoader.swift in Sources */ = {isa = PBXBuildFile; fileRef = 0E92F63F28D612140017A3D7 /* LocalFeedLoader.swift */; };
		0E92F64228D6122C0017A3D7 /* FeedStore.swift in Sources */ = {isa = PBXBuildFile; fileRef = 0E92F64128D6122C0017A3D7 /* FeedStore.swift */; };
		0E9654E328ABFB830048E33C /* EssentialFeedEndToEndTests.swift in Sources */ = {isa = PBXBuildFile; fileRef = 0E9654E228ABFB830048E33C /* EssentialFeedEndToEndTests.swift */; };
		0E9654E428ABFB830048E33C /* EssentialFeed.framework in Frameworks */ = {isa = PBXBuildFile; fileRef = 0E6EF4FC28996FFB001569BA /* EssentialFeed.framework */; };
		0EF27A3D29003D0F00A05F67 /* ValidateFeedCacheUseCaseTests.swift in Sources */ = {isa = PBXBuildFile; fileRef = 0EF27A3C29003D0F00A05F67 /* ValidateFeedCacheUseCaseTests.swift */; };
/* End PBXBuildFile section */

/* Begin PBXContainerItemProxy section */
		0E6EF50628996FFC001569BA /* PBXContainerItemProxy */ = {
			isa = PBXContainerItemProxy;
			containerPortal = 0E6EF4F328996FFB001569BA /* Project object */;
			proxyType = 1;
			remoteGlobalIDString = 0E6EF4FB28996FFB001569BA;
			remoteInfo = EssentialFeed;
		};
		0E9654E528ABFB830048E33C /* PBXContainerItemProxy */ = {
			isa = PBXContainerItemProxy;
			containerPortal = 0E6EF4F328996FFB001569BA /* Project object */;
			proxyType = 1;
			remoteGlobalIDString = 0E6EF4FB28996FFB001569BA;
			remoteInfo = EssentialFeed;
		};
/* End PBXContainerItemProxy section */

/* Begin PBXFileReference section */
		0E2314CF28A68E75001CD97F /* HTTPClient.swift */ = {isa = PBXFileReference; lastKnownFileType = sourcecode.swift; path = HTTPClient.swift; sourceTree = "<group>"; };
		0E2314D128A68E92001CD97F /* FeedItemsMapper.swift */ = {isa = PBXFileReference; lastKnownFileType = sourcecode.swift; path = FeedItemsMapper.swift; sourceTree = "<group>"; };
		0E29EC9D29003F1D00DF164A /* FeedCacheTestHelpers.swift */ = {isa = PBXFileReference; lastKnownFileType = sourcecode.swift; path = FeedCacheTestHelpers.swift; sourceTree = "<group>"; };
		0E29EC9F29003F9200DF164A /* SharedTestHelpers.swift */ = {isa = PBXFileReference; lastKnownFileType = sourcecode.swift; path = SharedTestHelpers.swift; sourceTree = "<group>"; };
		0E29ECA12900446F00DF164A /* FeedCachePolicy.swift */ = {isa = PBXFileReference; lastKnownFileType = sourcecode.swift; path = FeedCachePolicy.swift; sourceTree = "<group>"; };
		0E42837228A9279C00C28C94 /* URLSessionHTTPClient.swift */ = {isa = PBXFileReference; lastKnownFileType = sourcecode.swift; path = URLSessionHTTPClient.swift; sourceTree = "<group>"; };
		0E42837428A927AA00C28C94 /* URLSessionHTTPClientTests.swift */ = {isa = PBXFileReference; lastKnownFileType = sourcecode.swift; path = URLSessionHTTPClientTests.swift; sourceTree = "<group>"; };
		0E42837728A943F700C28C94 /* XCTestCase+MemoryLeakTracking.swift */ = {isa = PBXFileReference; lastKnownFileType = sourcecode.swift; path = "XCTestCase+MemoryLeakTracking.swift"; sourceTree = "<group>"; };
		0E5BA97F28FDA3340002983B /* RemoteFeedItem.swift */ = {isa = PBXFileReference; lastKnownFileType = sourcecode.swift; path = RemoteFeedItem.swift; sourceTree = "<group>"; };
		0E5BA98128FDA3580002983B /* LocalFeedImage.swift */ = {isa = PBXFileReference; lastKnownFileType = sourcecode.swift; path = LocalFeedImage.swift; sourceTree = "<group>"; };
		0E5BA98328FDA6720002983B /* LoadFeedFromCacheUseCaseTests.swift */ = {isa = PBXFileReference; lastKnownFileType = sourcecode.swift; path = LoadFeedFromCacheUseCaseTests.swift; sourceTree = "<group>"; };
		0E5BA98628FDA71B0002983B /* FeedStoreSpy.swift */ = {isa = PBXFileReference; lastKnownFileType = sourcecode.swift; path = FeedStoreSpy.swift; sourceTree = "<group>"; };
		0E6EF4FC28996FFB001569BA /* EssentialFeed.framework */ = {isa = PBXFileReference; explicitFileType = wrapper.framework; includeInIndex = 0; path = EssentialFeed.framework; sourceTree = BUILT_PRODUCTS_DIR; };
		0E6EF4FF28996FFB001569BA /* EssentialFeed.h */ = {isa = PBXFileReference; lastKnownFileType = sourcecode.c.h; path = EssentialFeed.h; sourceTree = "<group>"; };
		0E6EF50428996FFC001569BA /* EssentialFeedTests.xctest */ = {isa = PBXFileReference; explicitFileType = wrapper.cfbundle; includeInIndex = 0; path = EssentialFeedTests.xctest; sourceTree = BUILT_PRODUCTS_DIR; };
		0E6EF5142899700B001569BA /* FeedImage.swift */ = {isa = PBXFileReference; lastKnownFileType = sourcecode.swift; path = FeedImage.swift; sourceTree = "<group>"; };
		0E6EF516289970BB001569BA /* FeedLoader.swift */ = {isa = PBXFileReference; lastKnownFileType = sourcecode.swift; path = FeedLoader.swift; sourceTree = "<group>"; };
		0E6EF51928997279001569BA /* LoadFeedFromRemoteUseCaseTests.swift */ = {isa = PBXFileReference; lastKnownFileType = sourcecode.swift; path = LoadFeedFromRemoteUseCaseTests.swift; sourceTree = "<group>"; };
		0E6EF51C28997A8B001569BA /* RemoteFeedLoader.swift */ = {isa = PBXFileReference; lastKnownFileType = sourcecode.swift; path = RemoteFeedLoader.swift; sourceTree = "<group>"; };
		0E92F63C28D606870017A3D7 /* CacheFeedUseCaseTests.swift */ = {isa = PBXFileReference; lastKnownFileType = sourcecode.swift; path = CacheFeedUseCaseTests.swift; sourceTree = "<group>"; };
		0E92F63F28D612140017A3D7 /* LocalFeedLoader.swift */ = {isa = PBXFileReference; lastKnownFileType = sourcecode.swift; path = LocalFeedLoader.swift; sourceTree = "<group>"; };
		0E92F64128D6122C0017A3D7 /* FeedStore.swift */ = {isa = PBXFileReference; lastKnownFileType = sourcecode.swift; path = FeedStore.swift; sourceTree = "<group>"; };
		0E9654E028ABFB830048E33C /* EssentialFeedEndToEndTests.xctest */ = {isa = PBXFileReference; explicitFileType = wrapper.cfbundle; includeInIndex = 0; path = EssentialFeedEndToEndTests.xctest; sourceTree = BUILT_PRODUCTS_DIR; };
		0E9654E228ABFB830048E33C /* EssentialFeedEndToEndTests.swift */ = {isa = PBXFileReference; lastKnownFileType = sourcecode.swift; path = EssentialFeedEndToEndTests.swift; sourceTree = "<group>"; };
		0EF27A3C29003D0F00A05F67 /* ValidateFeedCacheUseCaseTests.swift */ = {isa = PBXFileReference; lastKnownFileType = sourcecode.swift; path = ValidateFeedCacheUseCaseTests.swift; sourceTree = "<group>"; };
/* End PBXFileReference section */

/* Begin PBXFrameworksBuildPhase section */
		0E6EF4F928996FFB001569BA /* Frameworks */ = {
			isa = PBXFrameworksBuildPhase;
			buildActionMask = 2147483647;
			files = (
			);
			runOnlyForDeploymentPostprocessing = 0;
		};
		0E6EF50128996FFC001569BA /* Frameworks */ = {
			isa = PBXFrameworksBuildPhase;
			buildActionMask = 2147483647;
			files = (
				0E6EF50528996FFC001569BA /* EssentialFeed.framework in Frameworks */,
			);
			runOnlyForDeploymentPostprocessing = 0;
		};
		0E9654DD28ABFB830048E33C /* Frameworks */ = {
			isa = PBXFrameworksBuildPhase;
			buildActionMask = 2147483647;
			files = (
				0E9654E428ABFB830048E33C /* EssentialFeed.framework in Frameworks */,
			);
			runOnlyForDeploymentPostprocessing = 0;
		};
/* End PBXFrameworksBuildPhase section */

/* Begin PBXGroup section */
		0E2314D328A6921F001CD97F /* Feed API */ = {
			isa = PBXGroup;
			children = (
				0E6EF51928997279001569BA /* LoadFeedFromRemoteUseCaseTests.swift */,
				0E42837428A927AA00C28C94 /* URLSessionHTTPClientTests.swift */,
			);
			path = "Feed API";
			sourceTree = "<group>";
		};
		0E42837628A943E000C28C94 /* Helpers */ = {
			isa = PBXGroup;
			children = (
				0E42837728A943F700C28C94 /* XCTestCase+MemoryLeakTracking.swift */,
				0E29EC9F29003F9200DF164A /* SharedTestHelpers.swift */,
			);
			path = Helpers;
			sourceTree = "<group>";
		};
		0E5BA98528FDA7150002983B /* Helpers */ = {
			isa = PBXGroup;
			children = (
				0E5BA98628FDA71B0002983B /* FeedStoreSpy.swift */,
				0E29EC9D29003F1D00DF164A /* FeedCacheTestHelpers.swift */,
			);
			path = Helpers;
			sourceTree = "<group>";
		};
		0E6EF4F228996FFB001569BA = {
			isa = PBXGroup;
			children = (
				0E6EF4FE28996FFB001569BA /* EssentialFeed */,
				0E6EF50828996FFC001569BA /* EssentialFeedTests */,
				0E9654E128ABFB830048E33C /* EssentialFeedEndToEndTests */,
				0E6EF4FD28996FFB001569BA /* Products */,
			);
			sourceTree = "<group>";
		};
		0E6EF4FD28996FFB001569BA /* Products */ = {
			isa = PBXGroup;
			children = (
				0E6EF4FC28996FFB001569BA /* EssentialFeed.framework */,
				0E6EF50428996FFC001569BA /* EssentialFeedTests.xctest */,
				0E9654E028ABFB830048E33C /* EssentialFeedEndToEndTests.xctest */,
			);
			name = Products;
			sourceTree = "<group>";
		};
		0E6EF4FE28996FFB001569BA /* EssentialFeed */ = {
			isa = PBXGroup;
			children = (
				0E6EF4FF28996FFB001569BA /* EssentialFeed.h */,
				0E92F63E28D610490017A3D7 /* Feed Cache */,
				0E6EF5182899715E001569BA /* Feed Feature */,
				0E6EF51B28997A6E001569BA /* Feed API */,
			);
			path = EssentialFeed;
			sourceTree = "<group>";
		};
		0E6EF50828996FFC001569BA /* EssentialFeedTests */ = {
			isa = PBXGroup;
			children = (
				0E42837628A943E000C28C94 /* Helpers */,
				0E92F63B28D606780017A3D7 /* Feed Cache */,
				0E2314D328A6921F001CD97F /* Feed API */,
			);
			path = EssentialFeedTests;
			sourceTree = "<group>";
		};
		0E6EF5182899715E001569BA /* Feed Feature */ = {
			isa = PBXGroup;
			children = (
				0E6EF5142899700B001569BA /* FeedImage.swift */,
				0E6EF516289970BB001569BA /* FeedLoader.swift */,
			);
			path = "Feed Feature";
			sourceTree = "<group>";
		};
		0E6EF51B28997A6E001569BA /* Feed API */ = {
			isa = PBXGroup;
			children = (
				0E6EF51C28997A8B001569BA /* RemoteFeedLoader.swift */,
				0E2314CF28A68E75001CD97F /* HTTPClient.swift */,
				0E42837228A9279C00C28C94 /* URLSessionHTTPClient.swift */,
				0E2314D128A68E92001CD97F /* FeedItemsMapper.swift */,
				0E5BA97F28FDA3340002983B /* RemoteFeedItem.swift */,
			);
			path = "Feed API";
			sourceTree = "<group>";
		};
		0E92F63B28D606780017A3D7 /* Feed Cache */ = {
			isa = PBXGroup;
			children = (
				0E5BA98528FDA7150002983B /* Helpers */,
				0E92F63C28D606870017A3D7 /* CacheFeedUseCaseTests.swift */,
				0E5BA98328FDA6720002983B /* LoadFeedFromCacheUseCaseTests.swift */,
				0EF27A3C29003D0F00A05F67 /* ValidateFeedCacheUseCaseTests.swift */,
			);
			path = "Feed Cache";
			sourceTree = "<group>";
		};
		0E92F63E28D610490017A3D7 /* Feed Cache */ = {
			isa = PBXGroup;
			children = (
				0E92F63F28D612140017A3D7 /* LocalFeedLoader.swift */,
				0E92F64128D6122C0017A3D7 /* FeedStore.swift */,
				0E5BA98128FDA3580002983B /* LocalFeedImage.swift */,
				0E29ECA12900446F00DF164A /* FeedCachePolicy.swift */,
			);
			path = "Feed Cache";
			sourceTree = "<group>";
		};
		0E9654E128ABFB830048E33C /* EssentialFeedEndToEndTests */ = {
			isa = PBXGroup;
			children = (
				0E9654E228ABFB830048E33C /* EssentialFeedEndToEndTests.swift */,
			);
			path = EssentialFeedEndToEndTests;
			sourceTree = "<group>";
		};
/* End PBXGroup section */

/* Begin PBXHeadersBuildPhase section */
		0E6EF4F728996FFB001569BA /* Headers */ = {
			isa = PBXHeadersBuildPhase;
			buildActionMask = 2147483647;
			files = (
				0E6EF50B28996FFC001569BA /* EssentialFeed.h in Headers */,
			);
			runOnlyForDeploymentPostprocessing = 0;
		};
/* End PBXHeadersBuildPhase section */

/* Begin PBXNativeTarget section */
		0E6EF4FB28996FFB001569BA /* EssentialFeed */ = {
			isa = PBXNativeTarget;
			buildConfigurationList = 0E6EF50E28996FFC001569BA /* Build configuration list for PBXNativeTarget "EssentialFeed" */;
			buildPhases = (
				0E6EF4F728996FFB001569BA /* Headers */,
				0E6EF4F828996FFB001569BA /* Sources */,
				0E6EF4F928996FFB001569BA /* Frameworks */,
				0E6EF4FA28996FFB001569BA /* Resources */,
			);
			buildRules = (
			);
			dependencies = (
			);
			name = EssentialFeed;
			productName = EssentialFeed;
			productReference = 0E6EF4FC28996FFB001569BA /* EssentialFeed.framework */;
			productType = "com.apple.product-type.framework";
		};
		0E6EF50328996FFC001569BA /* EssentialFeedTests */ = {
			isa = PBXNativeTarget;
			buildConfigurationList = 0E6EF51128996FFC001569BA /* Build configuration list for PBXNativeTarget "EssentialFeedTests" */;
			buildPhases = (
				0E6EF50028996FFC001569BA /* Sources */,
				0E6EF50128996FFC001569BA /* Frameworks */,
				0E6EF50228996FFC001569BA /* Resources */,
			);
			buildRules = (
			);
			dependencies = (
				0E6EF50728996FFC001569BA /* PBXTargetDependency */,
			);
			name = EssentialFeedTests;
			productName = EssentialFeedTests;
			productReference = 0E6EF50428996FFC001569BA /* EssentialFeedTests.xctest */;
			productType = "com.apple.product-type.bundle.unit-test";
		};
		0E9654DF28ABFB830048E33C /* EssentialFeedEndToEndTests */ = {
			isa = PBXNativeTarget;
			buildConfigurationList = 0E9654E928ABFB830048E33C /* Build configuration list for PBXNativeTarget "EssentialFeedEndToEndTests" */;
			buildPhases = (
				0E9654DC28ABFB830048E33C /* Sources */,
				0E9654DD28ABFB830048E33C /* Frameworks */,
				0E9654DE28ABFB830048E33C /* Resources */,
			);
			buildRules = (
			);
			dependencies = (
				0E9654E628ABFB830048E33C /* PBXTargetDependency */,
			);
			name = EssentialFeedEndToEndTests;
			productName = EssentialFeedEndToEndTests;
			productReference = 0E9654E028ABFB830048E33C /* EssentialFeedEndToEndTests.xctest */;
			productType = "com.apple.product-type.bundle.unit-test";
		};
/* End PBXNativeTarget section */

/* Begin PBXProject section */
		0E6EF4F328996FFB001569BA /* Project object */ = {
			isa = PBXProject;
			attributes = {
				BuildIndependentTargetsInParallel = 1;
				LastSwiftUpdateCheck = 1340;
				LastUpgradeCheck = 1340;
				TargetAttributes = {
					0E6EF4FB28996FFB001569BA = {
						CreatedOnToolsVersion = 13.4.1;
						LastSwiftMigration = 1340;
					};
					0E6EF50328996FFC001569BA = {
						CreatedOnToolsVersion = 13.4.1;
					};
					0E9654DF28ABFB830048E33C = {
						CreatedOnToolsVersion = 13.4.1;
					};
				};
			};
			buildConfigurationList = 0E6EF4F628996FFB001569BA /* Build configuration list for PBXProject "EssentialFeed" */;
			compatibilityVersion = "Xcode 13.0";
			developmentRegion = en;
			hasScannedForEncodings = 0;
			knownRegions = (
				en,
				Base,
			);
			mainGroup = 0E6EF4F228996FFB001569BA;
			productRefGroup = 0E6EF4FD28996FFB001569BA /* Products */;
			projectDirPath = "";
			projectRoot = "";
			targets = (
				0E6EF4FB28996FFB001569BA /* EssentialFeed */,
				0E6EF50328996FFC001569BA /* EssentialFeedTests */,
				0E9654DF28ABFB830048E33C /* EssentialFeedEndToEndTests */,
			);
		};
/* End PBXProject section */

/* Begin PBXResourcesBuildPhase section */
		0E6EF4FA28996FFB001569BA /* Resources */ = {
			isa = PBXResourcesBuildPhase;
			buildActionMask = 2147483647;
			files = (
			);
			runOnlyForDeploymentPostprocessing = 0;
		};
		0E6EF50228996FFC001569BA /* Resources */ = {
			isa = PBXResourcesBuildPhase;
			buildActionMask = 2147483647;
			files = (
			);
			runOnlyForDeploymentPostprocessing = 0;
		};
		0E9654DE28ABFB830048E33C /* Resources */ = {
			isa = PBXResourcesBuildPhase;
			buildActionMask = 2147483647;
			files = (
			);
			runOnlyForDeploymentPostprocessing = 0;
		};
/* End PBXResourcesBuildPhase section */

/* Begin PBXSourcesBuildPhase section */
		0E6EF4F828996FFB001569BA /* Sources */ = {
			isa = PBXSourcesBuildPhase;
			buildActionMask = 2147483647;
			files = (
				0E2314D228A68E92001CD97F /* FeedItemsMapper.swift in Sources */,
				0E6EF517289970BB001569BA /* FeedLoader.swift in Sources */,
				0E5BA98028FDA3340002983B /* RemoteFeedItem.swift in Sources */,
				0E29ECA22900446F00DF164A /* FeedCachePolicy.swift in Sources */,
				0E6EF51D28997A8B001569BA /* RemoteFeedLoader.swift in Sources */,
				0E5BA98228FDA3580002983B /* LocalFeedImage.swift in Sources */,
				0E92F64228D6122C0017A3D7 /* FeedStore.swift in Sources */,
				0E92F64028D612140017A3D7 /* LocalFeedLoader.swift in Sources */,
				0E2314D028A68E75001CD97F /* HTTPClient.swift in Sources */,
				0E6EF5152899700B001569BA /* FeedImage.swift in Sources */,
				0E42837328A9279C00C28C94 /* URLSessionHTTPClient.swift in Sources */,
			);
			runOnlyForDeploymentPostprocessing = 0;
		};
		0E6EF50028996FFC001569BA /* Sources */ = {
			isa = PBXSourcesBuildPhase;
			buildActionMask = 2147483647;
			files = (
				0E29EC9E29003F1D00DF164A /* FeedCacheTestHelpers.swift in Sources */,
				0EF27A3D29003D0F00A05F67 /* ValidateFeedCacheUseCaseTests.swift in Sources */,
				0E6EF51A28997279001569BA /* LoadFeedFromRemoteUseCaseTests.swift in Sources */,
				0E42837528A927AA00C28C94 /* URLSessionHTTPClientTests.swift in Sources */,
				0E5BA98728FDA71B0002983B /* FeedStoreSpy.swift in Sources */,
				0E29ECA029003F9200DF164A /* SharedTestHelpers.swift in Sources */,
				0E92F63D28D606870017A3D7 /* CacheFeedUseCaseTests.swift in Sources */,
				0E5BA98428FDA6720002983B /* LoadFeedFromCacheUseCaseTests.swift in Sources */,
				0E42837828A943F700C28C94 /* XCTestCase+MemoryLeakTracking.swift in Sources */,
			);
			runOnlyForDeploymentPostprocessing = 0;
		};
		0E9654DC28ABFB830048E33C /* Sources */ = {
			isa = PBXSourcesBuildPhase;
			buildActionMask = 2147483647;
			files = (
				0E9654E328ABFB830048E33C /* EssentialFeedEndToEndTests.swift in Sources */,
			);
			runOnlyForDeploymentPostprocessing = 0;
		};
/* End PBXSourcesBuildPhase section */

/* Begin PBXTargetDependency section */
		0E6EF50728996FFC001569BA /* PBXTargetDependency */ = {
			isa = PBXTargetDependency;
			target = 0E6EF4FB28996FFB001569BA /* EssentialFeed */;
			targetProxy = 0E6EF50628996FFC001569BA /* PBXContainerItemProxy */;
		};
		0E9654E628ABFB830048E33C /* PBXTargetDependency */ = {
			isa = PBXTargetDependency;
			target = 0E6EF4FB28996FFB001569BA /* EssentialFeed */;
			targetProxy = 0E9654E528ABFB830048E33C /* PBXContainerItemProxy */;
		};
/* End PBXTargetDependency section */

/* Begin XCBuildConfiguration section */
		0E6EF50C28996FFC001569BA /* Debug */ = {
			isa = XCBuildConfiguration;
			buildSettings = {
				ALWAYS_SEARCH_USER_PATHS = NO;
				CLANG_ANALYZER_NONNULL = YES;
				CLANG_ANALYZER_NUMBER_OBJECT_CONVERSION = YES_AGGRESSIVE;
				CLANG_CXX_LANGUAGE_STANDARD = "gnu++17";
				CLANG_ENABLE_MODULES = YES;
				CLANG_ENABLE_OBJC_ARC = YES;
				CLANG_ENABLE_OBJC_WEAK = YES;
				CLANG_WARN_BLOCK_CAPTURE_AUTORELEASING = YES;
				CLANG_WARN_BOOL_CONVERSION = YES;
				CLANG_WARN_COMMA = YES;
				CLANG_WARN_CONSTANT_CONVERSION = YES;
				CLANG_WARN_DEPRECATED_OBJC_IMPLEMENTATIONS = YES;
				CLANG_WARN_DIRECT_OBJC_ISA_USAGE = YES_ERROR;
				CLANG_WARN_DOCUMENTATION_COMMENTS = YES;
				CLANG_WARN_EMPTY_BODY = YES;
				CLANG_WARN_ENUM_CONVERSION = YES;
				CLANG_WARN_INFINITE_RECURSION = YES;
				CLANG_WARN_INT_CONVERSION = YES;
				CLANG_WARN_NON_LITERAL_NULL_CONVERSION = YES;
				CLANG_WARN_OBJC_IMPLICIT_RETAIN_SELF = YES;
				CLANG_WARN_OBJC_LITERAL_CONVERSION = YES;
				CLANG_WARN_OBJC_ROOT_CLASS = YES_ERROR;
				CLANG_WARN_QUOTED_INCLUDE_IN_FRAMEWORK_HEADER = YES;
				CLANG_WARN_RANGE_LOOP_ANALYSIS = YES;
				CLANG_WARN_STRICT_PROTOTYPES = YES;
				CLANG_WARN_SUSPICIOUS_MOVE = YES;
				CLANG_WARN_UNGUARDED_AVAILABILITY = YES_AGGRESSIVE;
				CLANG_WARN_UNREACHABLE_CODE = YES;
				CLANG_WARN__DUPLICATE_METHOD_MATCH = YES;
				COPY_PHASE_STRIP = NO;
				CURRENT_PROJECT_VERSION = 1;
				DEBUG_INFORMATION_FORMAT = dwarf;
				ENABLE_STRICT_OBJC_MSGSEND = YES;
				ENABLE_TESTABILITY = YES;
				GCC_C_LANGUAGE_STANDARD = gnu11;
				GCC_DYNAMIC_NO_PIC = NO;
				GCC_NO_COMMON_BLOCKS = YES;
				GCC_OPTIMIZATION_LEVEL = 0;
				GCC_PREPROCESSOR_DEFINITIONS = (
					"DEBUG=1",
					"$(inherited)",
				);
				GCC_WARN_64_TO_32_BIT_CONVERSION = YES;
				GCC_WARN_ABOUT_RETURN_TYPE = YES_ERROR;
				GCC_WARN_UNDECLARED_SELECTOR = YES;
				GCC_WARN_UNINITIALIZED_AUTOS = YES_AGGRESSIVE;
				GCC_WARN_UNUSED_FUNCTION = YES;
				GCC_WARN_UNUSED_VARIABLE = YES;
				MACOSX_DEPLOYMENT_TARGET = 12.3;
				MTL_ENABLE_DEBUG_INFO = INCLUDE_SOURCE;
				MTL_FAST_MATH = YES;
				ONLY_ACTIVE_ARCH = YES;
				SDKROOT = macosx;
				SWIFT_ACTIVE_COMPILATION_CONDITIONS = DEBUG;
				SWIFT_OPTIMIZATION_LEVEL = "-Onone";
				VERSIONING_SYSTEM = "apple-generic";
				VERSION_INFO_PREFIX = "";
			};
			name = Debug;
		};
		0E6EF50D28996FFC001569BA /* Release */ = {
			isa = XCBuildConfiguration;
			buildSettings = {
				ALWAYS_SEARCH_USER_PATHS = NO;
				CLANG_ANALYZER_NONNULL = YES;
				CLANG_ANALYZER_NUMBER_OBJECT_CONVERSION = YES_AGGRESSIVE;
				CLANG_CXX_LANGUAGE_STANDARD = "gnu++17";
				CLANG_ENABLE_MODULES = YES;
				CLANG_ENABLE_OBJC_ARC = YES;
				CLANG_ENABLE_OBJC_WEAK = YES;
				CLANG_WARN_BLOCK_CAPTURE_AUTORELEASING = YES;
				CLANG_WARN_BOOL_CONVERSION = YES;
				CLANG_WARN_COMMA = YES;
				CLANG_WARN_CONSTANT_CONVERSION = YES;
				CLANG_WARN_DEPRECATED_OBJC_IMPLEMENTATIONS = YES;
				CLANG_WARN_DIRECT_OBJC_ISA_USAGE = YES_ERROR;
				CLANG_WARN_DOCUMENTATION_COMMENTS = YES;
				CLANG_WARN_EMPTY_BODY = YES;
				CLANG_WARN_ENUM_CONVERSION = YES;
				CLANG_WARN_INFINITE_RECURSION = YES;
				CLANG_WARN_INT_CONVERSION = YES;
				CLANG_WARN_NON_LITERAL_NULL_CONVERSION = YES;
				CLANG_WARN_OBJC_IMPLICIT_RETAIN_SELF = YES;
				CLANG_WARN_OBJC_LITERAL_CONVERSION = YES;
				CLANG_WARN_OBJC_ROOT_CLASS = YES_ERROR;
				CLANG_WARN_QUOTED_INCLUDE_IN_FRAMEWORK_HEADER = YES;
				CLANG_WARN_RANGE_LOOP_ANALYSIS = YES;
				CLANG_WARN_STRICT_PROTOTYPES = YES;
				CLANG_WARN_SUSPICIOUS_MOVE = YES;
				CLANG_WARN_UNGUARDED_AVAILABILITY = YES_AGGRESSIVE;
				CLANG_WARN_UNREACHABLE_CODE = YES;
				CLANG_WARN__DUPLICATE_METHOD_MATCH = YES;
				COPY_PHASE_STRIP = NO;
				CURRENT_PROJECT_VERSION = 1;
				DEBUG_INFORMATION_FORMAT = "dwarf-with-dsym";
				ENABLE_NS_ASSERTIONS = NO;
				ENABLE_STRICT_OBJC_MSGSEND = YES;
				GCC_C_LANGUAGE_STANDARD = gnu11;
				GCC_NO_COMMON_BLOCKS = YES;
				GCC_WARN_64_TO_32_BIT_CONVERSION = YES;
				GCC_WARN_ABOUT_RETURN_TYPE = YES_ERROR;
				GCC_WARN_UNDECLARED_SELECTOR = YES;
				GCC_WARN_UNINITIALIZED_AUTOS = YES_AGGRESSIVE;
				GCC_WARN_UNUSED_FUNCTION = YES;
				GCC_WARN_UNUSED_VARIABLE = YES;
				MACOSX_DEPLOYMENT_TARGET = 12.3;
				MTL_ENABLE_DEBUG_INFO = NO;
				MTL_FAST_MATH = YES;
				SDKROOT = macosx;
				SWIFT_COMPILATION_MODE = wholemodule;
				SWIFT_OPTIMIZATION_LEVEL = "-O";
				VERSIONING_SYSTEM = "apple-generic";
				VERSION_INFO_PREFIX = "";
			};
			name = Release;
		};
		0E6EF50F28996FFC001569BA /* Debug */ = {
			isa = XCBuildConfiguration;
			buildSettings = {
				CLANG_ENABLE_MODULES = YES;
				CODE_SIGN_STYLE = Automatic;
				COMBINE_HIDPI_IMAGES = YES;
				CURRENT_PROJECT_VERSION = 1;
				DEFINES_MODULE = YES;
				DEVELOPMENT_TEAM = FHBCXKRNYR;
				DYLIB_COMPATIBILITY_VERSION = 1;
				DYLIB_CURRENT_VERSION = 1;
				DYLIB_INSTALL_NAME_BASE = "@rpath";
				GENERATE_INFOPLIST_FILE = YES;
				INFOPLIST_KEY_NSHumanReadableCopyright = "";
				INSTALL_PATH = "$(LOCAL_LIBRARY_DIR)/Frameworks";
				LD_RUNPATH_SEARCH_PATHS = (
					"$(inherited)",
					"@executable_path/../Frameworks",
					"@loader_path/Frameworks",
				);
				MARKETING_VERSION = 1.0;
				PRODUCT_BUNDLE_IDENTIFIER = com.appswithlove.EssentialFeed;
				PRODUCT_NAME = "$(TARGET_NAME:c99extidentifier)";
				SKIP_INSTALL = YES;
				SWIFT_EMIT_LOC_STRINGS = YES;
				SWIFT_OPTIMIZATION_LEVEL = "-Onone";
				SWIFT_VERSION = 5.0;
			};
			name = Debug;
		};
		0E6EF51028996FFC001569BA /* Release */ = {
			isa = XCBuildConfiguration;
			buildSettings = {
				CLANG_ENABLE_MODULES = YES;
				CODE_SIGN_STYLE = Automatic;
				COMBINE_HIDPI_IMAGES = YES;
				CURRENT_PROJECT_VERSION = 1;
				DEFINES_MODULE = YES;
				DEVELOPMENT_TEAM = FHBCXKRNYR;
				DYLIB_COMPATIBILITY_VERSION = 1;
				DYLIB_CURRENT_VERSION = 1;
				DYLIB_INSTALL_NAME_BASE = "@rpath";
				GENERATE_INFOPLIST_FILE = YES;
				INFOPLIST_KEY_NSHumanReadableCopyright = "";
				INSTALL_PATH = "$(LOCAL_LIBRARY_DIR)/Frameworks";
				LD_RUNPATH_SEARCH_PATHS = (
					"$(inherited)",
					"@executable_path/../Frameworks",
					"@loader_path/Frameworks",
				);
				MARKETING_VERSION = 1.0;
				PRODUCT_BUNDLE_IDENTIFIER = com.appswithlove.EssentialFeed;
				PRODUCT_NAME = "$(TARGET_NAME:c99extidentifier)";
				SKIP_INSTALL = YES;
				SWIFT_EMIT_LOC_STRINGS = YES;
				SWIFT_VERSION = 5.0;
			};
			name = Release;
		};
		0E6EF51228996FFC001569BA /* Debug */ = {
			isa = XCBuildConfiguration;
			buildSettings = {
				ALWAYS_EMBED_SWIFT_STANDARD_LIBRARIES = YES;
				CODE_SIGN_STYLE = Automatic;
				CURRENT_PROJECT_VERSION = 1;
				DEVELOPMENT_TEAM = FHBCXKRNYR;
				GENERATE_INFOPLIST_FILE = YES;
				MARKETING_VERSION = 1.0;
				PRODUCT_BUNDLE_IDENTIFIER = com.appswithlove.EssentialFeedTests;
				PRODUCT_NAME = "$(TARGET_NAME)";
				SWIFT_EMIT_LOC_STRINGS = NO;
				SWIFT_VERSION = 5.0;
			};
			name = Debug;
		};
		0E6EF51328996FFC001569BA /* Release */ = {
			isa = XCBuildConfiguration;
			buildSettings = {
				ALWAYS_EMBED_SWIFT_STANDARD_LIBRARIES = YES;
				CODE_SIGN_STYLE = Automatic;
				CURRENT_PROJECT_VERSION = 1;
				DEVELOPMENT_TEAM = FHBCXKRNYR;
				GENERATE_INFOPLIST_FILE = YES;
				MARKETING_VERSION = 1.0;
				PRODUCT_BUNDLE_IDENTIFIER = com.appswithlove.EssentialFeedTests;
				PRODUCT_NAME = "$(TARGET_NAME)";
				SWIFT_EMIT_LOC_STRINGS = NO;
				SWIFT_VERSION = 5.0;
			};
			name = Release;
		};
		0E9654E728ABFB830048E33C /* Debug */ = {
			isa = XCBuildConfiguration;
			buildSettings = {
				CODE_SIGN_STYLE = Automatic;
				CURRENT_PROJECT_VERSION = 1;
				DEVELOPMENT_TEAM = FHBCXKRNYR;
				GENERATE_INFOPLIST_FILE = YES;
				MARKETING_VERSION = 1.0;
				PRODUCT_BUNDLE_IDENTIFIER = com.appswithlove.EssentialFeedEndToEndTests;
				PRODUCT_NAME = "$(TARGET_NAME)";
				SWIFT_EMIT_LOC_STRINGS = NO;
				SWIFT_VERSION = 5.0;
			};
			name = Debug;
		};
		0E9654E828ABFB830048E33C /* Release */ = {
			isa = XCBuildConfiguration;
			buildSettings = {
				CODE_SIGN_STYLE = Automatic;
				CURRENT_PROJECT_VERSION = 1;
				DEVELOPMENT_TEAM = FHBCXKRNYR;
				GENERATE_INFOPLIST_FILE = YES;
				MARKETING_VERSION = 1.0;
				PRODUCT_BUNDLE_IDENTIFIER = com.appswithlove.EssentialFeedEndToEndTests;
				PRODUCT_NAME = "$(TARGET_NAME)";
				SWIFT_EMIT_LOC_STRINGS = NO;
				SWIFT_VERSION = 5.0;
			};
			name = Release;
		};
/* End XCBuildConfiguration section */

/* Begin XCConfigurationList section */
		0E6EF4F628996FFB001569BA /* Build configuration list for PBXProject "EssentialFeed" */ = {
			isa = XCConfigurationList;
			buildConfigurations = (
				0E6EF50C28996FFC001569BA /* Debug */,
				0E6EF50D28996FFC001569BA /* Release */,
			);
			defaultConfigurationIsVisible = 0;
			defaultConfigurationName = Release;
		};
		0E6EF50E28996FFC001569BA /* Build configuration list for PBXNativeTarget "EssentialFeed" */ = {
			isa = XCConfigurationList;
			buildConfigurations = (
				0E6EF50F28996FFC001569BA /* Debug */,
				0E6EF51028996FFC001569BA /* Release */,
			);
			defaultConfigurationIsVisible = 0;
			defaultConfigurationName = Release;
		};
		0E6EF51128996FFC001569BA /* Build configuration list for PBXNativeTarget "EssentialFeedTests" */ = {
			isa = XCConfigurationList;
			buildConfigurations = (
				0E6EF51228996FFC001569BA /* Debug */,
				0E6EF51328996FFC001569BA /* Release */,
			);
			defaultConfigurationIsVisible = 0;
			defaultConfigurationName = Release;
		};
		0E9654E928ABFB830048E33C /* Build configuration list for PBXNativeTarget "EssentialFeedEndToEndTests" */ = {
			isa = XCConfigurationList;
			buildConfigurations = (
				0E9654E728ABFB830048E33C /* Debug */,
				0E9654E828ABFB830048E33C /* Release */,
			);
			defaultConfigurationIsVisible = 0;
			defaultConfigurationName = Release;
		};
/* End XCConfigurationList section */
	};
	rootObject = 0E6EF4F328996FFB001569BA /* Project object */;
}
